
Microsoft Visual Studio Solution File, Format Version 12.00
# Visual Studio Version 16
VisualStudioVersion = 16.0.30804.86
MinimumVisualStudioVersion = 10.0.40219.1
Project("{FAE04EC0-301F-11D3-BF4B-00C04F79EFBC}") = "Covid-19France", "Covid-19France\Covid-19France.csproj", "{D3E540C6-2518-4212-8D25-F9154596D973}"
EndProject
Global
	GlobalSection(SolutionConfigurationPlatforms) = preSolution
		Debug|Any CPU = Debug|Any CPU
		Release|Any CPU = Release|Any CPU
	EndGlobalSection
	GlobalSection(ProjectConfigurationPlatforms) = postSolution
		{D3E540C6-2518-4212-8D25-F9154596D973}.Debug|Any CPU.ActiveCfg = Debug|Any CPU
		{D3E540C6-2518-4212-8D25-F9154596D973}.Debug|Any CPU.Build.0 = Debug|Any CPU
		{D3E540C6-2518-4212-8D25-F9154596D973}.Release|Any CPU.ActiveCfg = Release|Any CPU
		{D3E540C6-2518-4212-8D25-F9154596D973}.Release|Any CPU.Build.0 = Release|Any CPU
	EndGlobalSection
	GlobalSection(SolutionProperties) = preSolution
		HideSolutionNode = FALSE
	EndGlobalSection
	GlobalSection(ExtensibilityGlobals) = postSolution
		SolutionGuid = {14284371-B073-4448-83DD-A6278E7DE64F}
	EndGlobalSection
EndGlobal
